
Microsoft Visual Studio Solution File, Format Version 12.00
# Visual Studio 15
VisualStudioVersion = 15.0.28307.757
MinimumVisualStudioVersion = 10.0.40219.1
Project("{FAE04EC0-301F-11D3-BF4B-00C04F79EFBC}") = "C Sharp 1.6", "C Sharp 1.6\C Sharp 1.6.csproj", "{4DDA706C-EE43-4976-8D8B-32594F3CD4A0}"
EndProject
Global
	GlobalSection(SolutionConfigurationPlatforms) = preSolution
		Debug|Any CPU = Debug|Any CPU
		Release|Any CPU = Release|Any CPU
	EndGlobalSection
	GlobalSection(ProjectConfigurationPlatforms) = postSolution
		{4DDA706C-EE43-4976-8D8B-32594F3CD4A0}.Debug|Any CPU.ActiveCfg = Debug|Any CPU
		{4DDA706C-EE43-4976-8D8B-32594F3CD4A0}.Debug|Any CPU.Build.0 = Debug|Any CPU
		{4DDA706C-EE43-4976-8D8B-32594F3CD4A0}.Release|Any CPU.ActiveCfg = Release|Any CPU
		{4DDA706C-EE43-4976-8D8B-32594F3CD4A0}.Release|Any CPU.Build.0 = Release|Any CPU
	EndGlobalSection
	GlobalSection(SolutionProperties) = preSolution
		HideSolutionNode = FALSE
	EndGlobalSection
	GlobalSection(ExtensibilityGlobals) = postSolution
		SolutionGuid = {4F392A28-DCB7-4D46-8027-DED28AA1D36C}
	EndGlobalSection
EndGlobal
